// !$*UTF8*$!
{
	archiveVersion = 1;
	classes = {
	};
	objectVersion = 46;
	objects = {

/* Begin PBXBuildFile section */
		92866D451EFFC47B0026C190 /* AppDelegate.swift in Sources */ = {isa = PBXBuildFile; fileRef = 92866D441EFFC47B0026C190 /* AppDelegate.swift */; };
		92866D471EFFC47B0026C190 /* ViewController.swift in Sources */ = {isa = PBXBuildFile; fileRef = 92866D461EFFC47B0026C190 /* ViewController.swift */; };
		92866D4A1EFFC47B0026C190 /* Main.storyboard in Resources */ = {isa = PBXBuildFile; fileRef = 92866D481EFFC47B0026C190 /* Main.storyboard */; };
		92866D4C1EFFC47B0026C190 /* Assets.xcassets in Resources */ = {isa = PBXBuildFile; fileRef = 92866D4B1EFFC47B0026C190 /* Assets.xcassets */; };
		92866D4F1EFFC47B0026C190 /* LaunchScreen.storyboard in Resources */ = {isa = PBXBuildFile; fileRef = 92866D4D1EFFC47B0026C190 /* LaunchScreen.storyboard */; };
/* End PBXBuildFile section */

/* Begin PBXFileReference section */
		92866D411EFFC47B0026C190 /* OutclaveProject.app */ = {isa = PBXFileReference; explicitFileType = wrapper.application; includeInIndex = 0; path = OutclaveProject.app; sourceTree = BUILT_PRODUCTS_DIR; };
		92866D441EFFC47B0026C190 /* AppDelegate.swift */ = {isa = PBXFileReference; lastKnownFileType = sourcecode.swift; path = AppDelegate.swift; sourceTree = "<group>"; };
		92866D461EFFC47B0026C190 /* ViewController.swift */ = {isa = PBXFileReference; lastKnownFileType = sourcecode.swift; path = ViewController.swift; sourceTree = "<group>"; };
		92866D491EFFC47B0026C190 /* Base */ = {isa = PBXFileReference; lastKnownFileType = file.storyboard; name = Base; path = Base.lproj/Main.storyboard; sourceTree = "<group>"; };
		92866D4B1EFFC47B0026C190 /* Assets.xcassets */ = {isa = PBXFileReference; lastKnownFileType = folder.assetcatalog; path = Assets.xcassets; sourceTree = "<group>"; };
		92866D4E1EFFC47B0026C190 /* Base */ = {isa = PBXFileReference; lastKnownFileType = file.storyboard; name = Base; path = Base.lproj/LaunchScreen.storyboard; sourceTree = "<group>"; };
		92866D501EFFC47B0026C190 /* Info.plist */ = {isa = PBXFileReference; lastKnownFileType = text.plist.xml; path = Info.plist; sourceTree = "<group>"; };
/* End PBXFileReference section */

/* Begin PBXFrameworksBuildPhase section */
		92866D3E1EFFC47B0026C190 /* Frameworks */ = {
			isa = PBXFrameworksBuildPhase;
			buildActionMask = 2147483647;
			files = (
			);
			runOnlyForDeploymentPostprocessing = 0;
		};
/* End PBXFrameworksBuildPhase section */

/* Begin PBXGroup section */
		92866D381EFFC47B0026C190 = {
			isa = PBXGroup;
			children = (
				92866D431EFFC47B0026C190 /* OutclaveProject */,
				92866D421EFFC47B0026C190 /* Products */,
			);
			sourceTree = "<group>";
		};
		92866D421EFFC47B0026C190 /* Products */ = {
			isa = PBXGroup;
			children = (
				92866D411EFFC47B0026C190 /* OutclaveProject.app */,
			);
			name = Products;
			sourceTree = "<group>";
		};
		92866D431EFFC47B0026C190 /* OutclaveProject */ = {
			isa = PBXGroup;
			children = (
				92866D441EFFC47B0026C190 /* AppDelegate.swift */,
				92866D461EFFC47B0026C190 /* ViewController.swift */,
				92866D481EFFC47B0026C190 /* Main.storyboard */,
				92866D4B1EFFC47B0026C190 /* Assets.xcassets */,
				92866D4D1EFFC47B0026C190 /* LaunchScreen.storyboard */,
				92866D501EFFC47B0026C190 /* Info.plist */,
			);
			path = OutclaveProject;
			sourceTree = "<group>";
		};
/* End PBXGroup section */

/* Begin PBXNativeTarget section */
		92866D401EFFC47B0026C190 /* OutclaveProject */ = {
			isa = PBXNativeTarget;
			buildConfigurationList = 92866D531EFFC47B0026C190 /* Build configuration list for PBXNativeTarget "OutclaveProject" */;
			buildPhases = (
				92866D3D1EFFC47B0026C190 /* Sources */,
				92866D3E1EFFC47B0026C190 /* Frameworks */,
				92866D3F1EFFC47B0026C190 /* Resources */,
			);
			buildRules = (
			);
			dependencies = (
			);
			name = OutclaveProject;
			productName = OutclaveProject;
			productReference = 92866D411EFFC47B0026C190 /* OutclaveProject.app */;
			productType = "com.apple.product-type.application";
		};
/* End PBXNativeTarget section */

/* Begin PBXProject section */
		92866D391EFFC47B0026C190 /* Project object */ = {
			isa = PBXProject;
			attributes = {
				LastSwiftUpdateCheck = 0730;
				LastUpgradeCheck = 0730;
				ORGANIZATIONNAME = "Natalie, Bernadette, Aziza, Chin";
				TargetAttributes = {
					92866D401EFFC47B0026C190 = {
						CreatedOnToolsVersion = 7.3.1;
					};
				};
			};
			buildConfigurationList = 92866D3C1EFFC47B0026C190 /* Build configuration list for PBXProject "OutclaveProject" */;
			compatibilityVersion = "Xcode 3.2";
			developmentRegion = English;
			hasScannedForEncodings = 0;
			knownRegions = (
				en,
				Base,
			);
			mainGroup = 92866D381EFFC47B0026C190;
			productRefGroup = 92866D421EFFC47B0026C190 /* Products */;
			projectDirPath = "";
			projectRoot = "";
			targets = (
				92866D401EFFC47B0026C190 /* OutclaveProject */,
			);
		};
/* End PBXProject section */

/* Begin PBXResourcesBuildPhase section */
		92866D3F1EFFC47B0026C190 /* Resources */ = {
			isa = PBXResourcesBuildPhase;
			buildActionMask = 2147483647;
			files = (
				92866D4F1EFFC47B0026C190 /* LaunchScreen.storyboard in Resources */,
				92866D4C1EFFC47B0026C190 /* Assets.xcassets in Resources */,
				92866D4A1EFFC47B0026C190 /* Main.storyboard in Resources */,
			);
			runOnlyForDeploymentPostprocessing = 0;
		};
/* End PBXResourcesBuildPhase section */

/* Begin PBXSourcesBuildPhase section */
		92866D3D1EFFC47B0026C190 /* Sources */ = {
			isa = PBXSourcesBuildPhase;
			buildActionMask = 2147483647;
			files = (
				92866D471EFFC47B0026C190 /* ViewController.swift in Sources */,
				92866D451EFFC47B0026C190 /* AppDelegate.swift in Sources */,
			);
			runOnlyForDeploymentPostprocessing = 0;
		};
/* End PBXSourcesBuildPhase section */

/* Begin PBXVariantGroup section */
		92866D481EFFC47B0026C190 /* Main.storyboard */ = {
			isa = PBXVariantGroup;
			children = (
				92866D491EFFC47B0026C190 /* Base */,
			);
			name = Main.storyboard;
			sourceTree = "<group>";
		};
		92866D4D1EFFC47B0026C190 /* LaunchScreen.storyboard */ = {
			isa = PBXVariantGroup;
			children = (
				92866D4E1EFFC47B0026C190 /* Base */,
			);
			name = LaunchScreen.storyboard;
			sourceTree = "<group>";
		};
/* End PBXVariantGroup section */

/* Begin XCBuildConfiguration section */
		92866D511EFFC47B0026C190 /* Debug */ = {
			isa = XCBuildConfiguration;
			buildSettings = {
				ALWAYS_SEARCH_USER_PATHS = NO;
				CLANG_ANALYZER_NONNULL = YES;
				CLANG_CXX_LANGUAGE_STANDARD = "gnu++0x";
				CLANG_CXX_LIBRARY = "libc++";
				CLANG_ENABLE_MODULES = YES;
				CLANG_ENABLE_OBJC_ARC = YES;
				CLANG_WARN_BOOL_CONVERSION = YES;
				CLANG_WARN_CONSTANT_CONVERSION = YES;
				CLANG_WARN_DIRECT_OBJC_ISA_USAGE = YES_ERROR;
				CLANG_WARN_EMPTY_BODY = YES;
				CLANG_WARN_ENUM_CONVERSION = YES;
				CLANG_WARN_INT_CONVERSION = YES;
				CLANG_WARN_OBJC_ROOT_CLASS = YES_ERROR;
				CLANG_WARN_UNREACHABLE_CODE = YES;
				CLANG_WARN__DUPLICATE_METHOD_MATCH = YES;
				"CODE_SIGN_IDENTITY[sdk=iphoneos*]" = "iPhone Developer";
				COPY_PHASE_STRIP = NO;
				DEBUG_INFORMATION_FORMAT = dwarf;
				ENABLE_STRICT_OBJC_MSGSEND = YES;
				ENABLE_TESTABILITY = YES;
				GCC_C_LANGUAGE_STANDARD = gnu99;
				GCC_DYNAMIC_NO_PIC = NO;
				GCC_NO_COMMON_BLOCKS = YES;
				GCC_OPTIMIZATION_LEVEL = 0;
				GCC_PREPROCESSOR_DEFINITIONS = (
					"DEBUG=1",
					"$(inherited)",
				);
				GCC_WARN_64_TO_32_BIT_CONVERSION = YES;
				GCC_WARN_ABOUT_RETURN_TYPE = YES_ERROR;
				GCC_WARN_UNDECLARED_SELECTOR = YES;
				GCC_WARN_UNINITIALIZED_AUTOS = YES_AGGRESSIVE;
				GCC_WARN_UNUSED_FUNCTION = YES;
				GCC_WARN_UNUSED_VARIABLE = YES;
				IPHONEOS_DEPLOYMENT_TARGET = 9.3;
				MTL_ENABLE_DEBUG_INFO = YES;
				ONLY_ACTIVE_ARCH = YES;
				SDKROOT = iphoneos;
				SWIFT_OPTIMIZATION_LEVEL = "-Onone";
			};
			name = Debug;
		};
		92866D521EFFC47B0026C190 /* Release */ = {
			isa = XCBuildConfiguration;
			buildSettings = {
				ALWAYS_SEARCH_USER_PATHS = NO;
				CLANG_ANALYZER_NONNULL = YES;
				CLANG_CXX_LANGUAGE_STANDARD = "gnu++0x";
				CLANG_CXX_LIBRARY = "libc++";
				CLANG_ENABLE_MODULES = YES;
				CLANG_ENABLE_OBJC_ARC = YES;
				CLANG_WARN_BOOL_CONVERSION = YES;
				CLANG_WARN_CONSTANT_CONVERSION = YES;
				CLANG_WARN_DIRECT_OBJC_ISA_USAGE = YES_ERROR;
				CLANG_WARN_EMPTY_BODY = YES;
				CLANG_WARN_ENUM_CONVERSION = YES;
				CLANG_WARN_INT_CONVERSION = YES;
				CLANG_WARN_OBJC_ROOT_CLASS = YES_ERROR;
				CLANG_WARN_UNREACHABLE_CODE = YES;
				CLANG_WARN__DUPLICATE_METHOD_MATCH = YES;
				"CODE_SIGN_IDENTITY[sdk=iphoneos*]" = "iPhone Developer";
				COPY_PHASE_STRIP = NO;
				DEBUG_INFORMATION_FORMAT = "dwarf-with-dsym";
				ENABLE_NS_ASSERTIONS = NO;
				ENABLE_STRICT_OBJC_MSGSEND = YES;
				GCC_C_LANGUAGE_STANDARD = gnu99;
				GCC_NO_COMMON_BLOCKS = YES;
				GCC_WARN_64_TO_32_BIT_CONVERSION = YES;
				GCC_WARN_ABOUT_RETURN_TYPE = YES_ERROR;
				GCC_WARN_UNDECLARED_SELECTOR = YES;
				GCC_WARN_UNINITIALIZED_AUTOS = YES_AGGRESSIVE;
				GCC_WARN_UNUSED_FUNCTION = YES;
				GCC_WARN_UNUSED_VARIABLE = YES;
				IPHONEOS_DEPLOYMENT_TARGET = 9.3;
				MTL_ENABLE_DEBUG_INFO = NO;
				SDKROOT = iphoneos;
				VALIDATE_PRODUCT = YES;
			};
			name = Release;
		};
		92866D541EFFC47B0026C190 /* Debug */ = {
			isa = XCBuildConfiguration;
			buildSettings = {
				ASSETCATALOG_COMPILER_APPICON_NAME = AppIcon;
				INFOPLIST_FILE = OutclaveProject/Info.plist;
				LD_RUNPATH_SEARCH_PATHS = "$(inherited) @executable_path/Frameworks";
				PRODUCT_BUNDLE_IDENTIFIER = nataliepark.OutclaveProject;
				PRODUCT_NAME = "$(TARGET_NAME)";
			};
			name = Debug;
		};
		92866D551EFFC47B0026C190 /* Release */ = {
			isa = XCBuildConfiguration;
			buildSettings = {
				ASSETCATALOG_COMPILER_APPICON_NAME = AppIcon;
				INFOPLIST_FILE = OutclaveProject/Info.plist;
				LD_RUNPATH_SEARCH_PATHS = "$(inherited) @executable_path/Frameworks";
				PRODUCT_BUNDLE_IDENTIFIER = nataliepark.OutclaveProject;
				PRODUCT_NAME = "$(TARGET_NAME)";
			};
			name = Release;
		};
/* End XCBuildConfiguration section */

/* Begin XCConfigurationList section */
		92866D3C1EFFC47B0026C190 /* Build configuration list for PBXProject "OutclaveProject" */ = {
			isa = XCConfigurationList;
			buildConfigurations = (
				92866D511EFFC47B0026C190 /* Debug */,
				92866D521EFFC47B0026C190 /* Release */,
			);
			defaultConfigurationIsVisible = 0;
			defaultConfigurationName = Release;
		};
		92866D531EFFC47B0026C190 /* Build configuration list for PBXNativeTarget "OutclaveProject" */ = {
			isa = XCConfigurationList;
			buildConfigurations = (
				92866D541EFFC47B0026C190 /* Debug */,
				92866D551EFFC47B0026C190 /* Release */,
			);
			defaultConfigurationIsVisible = 0;
		};
/* End XCConfigurationList section */
	};
	rootObject = 92866D391EFFC47B0026C190 /* Project object */;
}
